// !$*UTF8*$!
{
	archiveVersion = 1;
	classes = {
	};
	objectVersion = 46;
	objects = {

/* Begin PBXBuildFile section */
		2605B99A075EEB74DD269AE5 /* libPods-OBGoodsDetail.a in Frameworks */ = {isa = PBXBuildFile; fileRef = 13CB89CB65D750783F3AE9EE /* libPods-OBGoodsDetail.a */; };
		2BDC87631EA06B46009C1592 /* main.m in Sources */ = {isa = PBXBuildFile; fileRef = 2BDC87621EA06B46009C1592 /* main.m */; };
		2BDC87661EA06B46009C1592 /* AppDelegate.m in Sources */ = {isa = PBXBuildFile; fileRef = 2BDC87651EA06B46009C1592 /* AppDelegate.m */; };
		2BDC87691EA06B46009C1592 /* ViewController.m in Sources */ = {isa = PBXBuildFile; fileRef = 2BDC87681EA06B46009C1592 /* ViewController.m */; };
		2BDC876C1EA06B46009C1592 /* Main.storyboard in Resources */ = {isa = PBXBuildFile; fileRef = 2BDC876A1EA06B46009C1592 /* Main.storyboard */; };
		2BDC876E1EA06B46009C1592 /* Assets.xcassets in Resources */ = {isa = PBXBuildFile; fileRef = 2BDC876D1EA06B46009C1592 /* Assets.xcassets */; };
		2BDC87711EA06B46009C1592 /* LaunchScreen.storyboard in Resources */ = {isa = PBXBuildFile; fileRef = 2BDC876F1EA06B46009C1592 /* LaunchScreen.storyboard */; };
		2BDC877C1EA06B46009C1592 /* OBGoodsDetailTests.m in Sources */ = {isa = PBXBuildFile; fileRef = 2BDC877B1EA06B46009C1592 /* OBGoodsDetailTests.m */; };
		2BDC87871EA06B46009C1592 /* OBGoodsDetailUITests.m in Sources */ = {isa = PBXBuildFile; fileRef = 2BDC87861EA06B46009C1592 /* OBGoodsDetailUITests.m */; };
		2BDC87971EA06B96009C1592 /* OBGoodsDetailServiceProvide.m in Sources */ = {isa = PBXBuildFile; fileRef = 2BDC87961EA06B96009C1592 /* OBGoodsDetailServiceProvide.m */; };
		2BDC879A1EA06BB8009C1592 /* OBGoodsDetailViewController.m in Sources */ = {isa = PBXBuildFile; fileRef = 2BDC87991EA06BB8009C1592 /* OBGoodsDetailViewController.m */; };
/* End PBXBuildFile section */

/* Begin PBXContainerItemProxy section */
		2BDC87781EA06B46009C1592 /* PBXContainerItemProxy */ = {
			isa = PBXContainerItemProxy;
			containerPortal = 2BDC87561EA06B46009C1592 /* Project object */;
			proxyType = 1;
			remoteGlobalIDString = 2BDC875D1EA06B46009C1592;
			remoteInfo = OBGoodsDetail;
		};
		2BDC87831EA06B46009C1592 /* PBXContainerItemProxy */ = {
			isa = PBXContainerItemProxy;
			containerPortal = 2BDC87561EA06B46009C1592 /* Project object */;
			proxyType = 1;
			remoteGlobalIDString = 2BDC875D1EA06B46009C1592;
			remoteInfo = OBGoodsDetail;
		};
/* End PBXContainerItemProxy section */

/* Begin PBXFileReference section */
		13CB89CB65D750783F3AE9EE /* libPods-OBGoodsDetail.a */ = {isa = PBXFileReference; explicitFileType = archive.ar; includeInIndex = 0; path = "libPods-OBGoodsDetail.a"; sourceTree = BUILT_PRODUCTS_DIR; };
		2BDC875E1EA06B46009C1592 /* OBGoodsDetail.app */ = {isa = PBXFileReference; explicitFileType = wrapper.application; includeInIndex = 0; path = OBGoodsDetail.app; sourceTree = BUILT_PRODUCTS_DIR; };
		2BDC87621EA06B46009C1592 /* main.m */ = {isa = PBXFileReference; lastKnownFileType = sourcecode.c.objc; path = main.m; sourceTree = "<group>"; };
		2BDC87641EA06B46009C1592 /* AppDelegate.h */ = {isa = PBXFileReference; lastKnownFileType = sourcecode.c.h; path = AppDelegate.h; sourceTree = "<group>"; };
		2BDC87651EA06B46009C1592 /* AppDelegate.m */ = {isa = PBXFileReference; lastKnownFileType = sourcecode.c.objc; path = AppDelegate.m; sourceTree = "<group>"; };
		2BDC87671EA06B46009C1592 /* ViewController.h */ = {isa = PBXFileReference; lastKnownFileType = sourcecode.c.h; path = ViewController.h; sourceTree = "<group>"; };
		2BDC87681EA06B46009C1592 /* ViewController.m */ = {isa = PBXFileReference; lastKnownFileType = sourcecode.c.objc; path = ViewController.m; sourceTree = "<group>"; };
		2BDC876B1EA06B46009C1592 /* Base */ = {isa = PBXFileReference; lastKnownFileType = file.storyboard; name = Base; path = Base.lproj/Main.storyboard; sourceTree = "<group>"; };
		2BDC876D1EA06B46009C1592 /* Assets.xcassets */ = {isa = PBXFileReference; lastKnownFileType = folder.assetcatalog; path = Assets.xcassets; sourceTree = "<group>"; };
		2BDC87701EA06B46009C1592 /* Base */ = {isa = PBXFileReference; lastKnownFileType = file.storyboard; name = Base; path = Base.lproj/LaunchScreen.storyboard; sourceTree = "<group>"; };
		2BDC87721EA06B46009C1592 /* Info.plist */ = {isa = PBXFileReference; lastKnownFileType = text.plist.xml; path = Info.plist; sourceTree = "<group>"; };
		2BDC87771EA06B46009C1592 /* OBGoodsDetailTests.xctest */ = {isa = PBXFileReference; explicitFileType = wrapper.cfbundle; includeInIndex = 0; path = OBGoodsDetailTests.xctest; sourceTree = BUILT_PRODUCTS_DIR; };
		2BDC877B1EA06B46009C1592 /* OBGoodsDetailTests.m */ = {isa = PBXFileReference; lastKnownFileType = sourcecode.c.objc; path = OBGoodsDetailTests.m; sourceTree = "<group>"; };
		2BDC877D1EA06B46009C1592 /* Info.plist */ = {isa = PBXFileReference; lastKnownFileType = text.plist.xml; path = Info.plist; sourceTree = "<group>"; };
		2BDC87821EA06B46009C1592 /* OBGoodsDetailUITests.xctest */ = {isa = PBXFileReference; explicitFileType = wrapper.cfbundle; includeInIndex = 0; path = OBGoodsDetailUITests.xctest; sourceTree = BUILT_PRODUCTS_DIR; };
		2BDC87861EA06B46009C1592 /* OBGoodsDetailUITests.m */ = {isa = PBXFileReference; lastKnownFileType = sourcecode.c.objc; path = OBGoodsDetailUITests.m; sourceTree = "<group>"; };
		2BDC87881EA06B46009C1592 /* Info.plist */ = {isa = PBXFileReference; lastKnownFileType = text.plist.xml; path = Info.plist; sourceTree = "<group>"; };
		2BDC87951EA06B96009C1592 /* OBGoodsDetailServiceProvide.h */ = {isa = PBXFileReference; fileEncoding = 4; lastKnownFileType = sourcecode.c.h; path = OBGoodsDetailServiceProvide.h; sourceTree = "<group>"; };
		2BDC87961EA06B96009C1592 /* OBGoodsDetailServiceProvide.m */ = {isa = PBXFileReference; fileEncoding = 4; lastKnownFileType = sourcecode.c.objc; path = OBGoodsDetailServiceProvide.m; sourceTree = "<group>"; };
		2BDC87981EA06BB8009C1592 /* OBGoodsDetailViewController.h */ = {isa = PBXFileReference; fileEncoding = 4; lastKnownFileType = sourcecode.c.h; path = OBGoodsDetailViewController.h; sourceTree = "<group>"; };
		2BDC87991EA06BB8009C1592 /* OBGoodsDetailViewController.m */ = {isa = PBXFileReference; fileEncoding = 4; lastKnownFileType = sourcecode.c.objc; path = OBGoodsDetailViewController.m; sourceTree = "<group>"; };
		598BA4F4CACE47983220B460 /* Pods-OBGoodsDetail.release.xcconfig */ = {isa = PBXFileReference; includeInIndex = 1; lastKnownFileType = text.xcconfig; name = "Pods-OBGoodsDetail.release.xcconfig"; path = "Pods/Target Support Files/Pods-OBGoodsDetail/Pods-OBGoodsDetail.release.xcconfig"; sourceTree = "<group>"; };
		A50A5FFCC3D4EB35E5BDCEC1 /* Pods-OBGoodsDetail.debug.xcconfig */ = {isa = PBXFileReference; includeInIndex = 1; lastKnownFileType = text.xcconfig; name = "Pods-OBGoodsDetail.debug.xcconfig"; path = "Pods/Target Support Files/Pods-OBGoodsDetail/Pods-OBGoodsDetail.debug.xcconfig"; sourceTree = "<group>"; };
/* End PBXFileReference section */

/* Begin PBXFrameworksBuildPhase section */
		2BDC875B1EA06B46009C1592 /* Frameworks */ = {
			isa = PBXFrameworksBuildPhase;
			buildActionMask = 2147483647;
			files = (
				2605B99A075EEB74DD269AE5 /* libPods-OBGoodsDetail.a in Frameworks */,
			);
			runOnlyForDeploymentPostprocessing = 0;
		};
		2BDC87741EA06B46009C1592 /* Frameworks */ = {
			isa = PBXFrameworksBuildPhase;
			buildActionMask = 2147483647;
			files = (
			);
			runOnlyForDeploymentPostprocessing = 0;
		};
		2BDC877F1EA06B46009C1592 /* Frameworks */ = {
			isa = PBXFrameworksBuildPhase;
			buildActionMask = 2147483647;
			files = (
			);
			runOnlyForDeploymentPostprocessing = 0;
		};
/* End PBXFrameworksBuildPhase section */

/* Begin PBXGroup section */
		2BDC87551EA06B46009C1592 = {
			isa = PBXGroup;
			children = (
				2BDC87601EA06B46009C1592 /* OBGoodsDetail */,
				2BDC877A1EA06B46009C1592 /* OBGoodsDetailTests */,
				2BDC87851EA06B46009C1592 /* OBGoodsDetailUITests */,
				2BDC875F1EA06B46009C1592 /* Products */,
				DC4EB6E7320BA14C92100948 /* Pods */,
				E40860DD236FE828A87E7211 /* Frameworks */,
			);
			sourceTree = "<group>";
		};
		2BDC875F1EA06B46009C1592 /* Products */ = {
			isa = PBXGroup;
			children = (
				2BDC875E1EA06B46009C1592 /* OBGoodsDetail.app */,
				2BDC87771EA06B46009C1592 /* OBGoodsDetailTests.xctest */,
				2BDC87821EA06B46009C1592 /* OBGoodsDetailUITests.xctest */,
			);
			name = Products;
			sourceTree = "<group>";
		};
		2BDC87601EA06B46009C1592 /* OBGoodsDetail */ = {
			isa = PBXGroup;
			children = (
				2BDC87941EA06B7F009C1592 /* OBGoodsDetail */,
				2BDC87641EA06B46009C1592 /* AppDelegate.h */,
				2BDC87651EA06B46009C1592 /* AppDelegate.m */,
				2BDC87671EA06B46009C1592 /* ViewController.h */,
				2BDC87681EA06B46009C1592 /* ViewController.m */,
				2BDC876A1EA06B46009C1592 /* Main.storyboard */,
				2BDC876D1EA06B46009C1592 /* Assets.xcassets */,
				2BDC876F1EA06B46009C1592 /* LaunchScreen.storyboard */,
				2BDC87721EA06B46009C1592 /* Info.plist */,
				2BDC87611EA06B46009C1592 /* Supporting Files */,
			);
			path = OBGoodsDetail;
			sourceTree = "<group>";
		};
		2BDC87611EA06B46009C1592 /* Supporting Files */ = {
			isa = PBXGroup;
			children = (
				2BDC87621EA06B46009C1592 /* main.m */,
			);
			name = "Supporting Files";
			sourceTree = "<group>";
		};
		2BDC877A1EA06B46009C1592 /* OBGoodsDetailTests */ = {
			isa = PBXGroup;
			children = (
				2BDC877B1EA06B46009C1592 /* OBGoodsDetailTests.m */,
				2BDC877D1EA06B46009C1592 /* Info.plist */,
			);
			path = OBGoodsDetailTests;
			sourceTree = "<group>";
		};
		2BDC87851EA06B46009C1592 /* OBGoodsDetailUITests */ = {
			isa = PBXGroup;
			children = (
				2BDC87861EA06B46009C1592 /* OBGoodsDetailUITests.m */,
				2BDC87881EA06B46009C1592 /* Info.plist */,
			);
			path = OBGoodsDetailUITests;
			sourceTree = "<group>";
		};
		2BDC87941EA06B7F009C1592 /* OBGoodsDetail */ = {
			isa = PBXGroup;
			children = (
				2BDC87951EA06B96009C1592 /* OBGoodsDetailServiceProvide.h */,
				2BDC87961EA06B96009C1592 /* OBGoodsDetailServiceProvide.m */,
				2BDC87981EA06BB8009C1592 /* OBGoodsDetailViewController.h */,
				2BDC87991EA06BB8009C1592 /* OBGoodsDetailViewController.m */,
			);
			path = OBGoodsDetail;
			sourceTree = "<group>";
		};
		DC4EB6E7320BA14C92100948 /* Pods */ = {
			isa = PBXGroup;
			children = (
				A50A5FFCC3D4EB35E5BDCEC1 /* Pods-OBGoodsDetail.debug.xcconfig */,
				598BA4F4CACE47983220B460 /* Pods-OBGoodsDetail.release.xcconfig */,
			);
			name = Pods;
			sourceTree = "<group>";
		};
		E40860DD236FE828A87E7211 /* Frameworks */ = {
			isa = PBXGroup;
			children = (
				13CB89CB65D750783F3AE9EE /* libPods-OBGoodsDetail.a */,
			);
			name = Frameworks;
			sourceTree = "<group>";
		};
/* End PBXGroup section */

/* Begin PBXNativeTarget section */
		2BDC875D1EA06B46009C1592 /* OBGoodsDetail */ = {
			isa = PBXNativeTarget;
			buildConfigurationList = 2BDC878B1EA06B46009C1592 /* Build configuration list for PBXNativeTarget "OBGoodsDetail" */;
			buildPhases = (
				33836BE55C3098934896BD73 /* [CP] Check Pods Manifest.lock */,
				2BDC875A1EA06B46009C1592 /* Sources */,
				2BDC875B1EA06B46009C1592 /* Frameworks */,
				2BDC875C1EA06B46009C1592 /* Resources */,
				0C8640C03E48E7E94583EFFC /* [CP] Embed Pods Frameworks */,
				ED9EC47F3A8ECF0D76E8E9F2 /* [CP] Copy Pods Resources */,
			);
			buildRules = (
			);
			dependencies = (
			);
			name = OBGoodsDetail;
			productName = OBGoodsDetail;
			productReference = 2BDC875E1EA06B46009C1592 /* OBGoodsDetail.app */;
			productType = "com.apple.product-type.application";
		};
		2BDC87761EA06B46009C1592 /* OBGoodsDetailTests */ = {
			isa = PBXNativeTarget;
			buildConfigurationList = 2BDC878E1EA06B46009C1592 /* Build configuration list for PBXNativeTarget "OBGoodsDetailTests" */;
			buildPhases = (
				2BDC87731EA06B46009C1592 /* Sources */,
				2BDC87741EA06B46009C1592 /* Frameworks */,
				2BDC87751EA06B46009C1592 /* Resources */,
			);
			buildRules = (
			);
			dependencies = (
				2BDC87791EA06B46009C1592 /* PBXTargetDependency */,
			);
			name = OBGoodsDetailTests;
			productName = OBGoodsDetailTests;
			productReference = 2BDC87771EA06B46009C1592 /* OBGoodsDetailTests.xctest */;
			productType = "com.apple.product-type.bundle.unit-test";
		};
		2BDC87811EA06B46009C1592 /* OBGoodsDetailUITests */ = {
			isa = PBXNativeTarget;
			buildConfigurationList = 2BDC87911EA06B46009C1592 /* Build configuration list for PBXNativeTarget "OBGoodsDetailUITests" */;
			buildPhases = (
				2BDC877E1EA06B46009C1592 /* Sources */,
				2BDC877F1EA06B46009C1592 /* Frameworks */,
				2BDC87801EA06B46009C1592 /* Resources */,
			);
			buildRules = (
			);
			dependencies = (
				2BDC87841EA06B46009C1592 /* PBXTargetDependency */,
			);
			name = OBGoodsDetailUITests;
			productName = OBGoodsDetailUITests;
			productReference = 2BDC87821EA06B46009C1592 /* OBGoodsDetailUITests.xctest */;
			productType = "com.apple.product-type.bundle.ui-testing";
		};
/* End PBXNativeTarget section */

/* Begin PBXProject section */
		2BDC87561EA06B46009C1592 /* Project object */ = {
			isa = PBXProject;
			attributes = {
				LastUpgradeCheck = 0820;
				ORGANIZATIONNAME = obally;
				TargetAttributes = {
					2BDC875D1EA06B46009C1592 = {
						CreatedOnToolsVersion = 8.2.1;
						DevelopmentTeam = H9BU355MET;
						ProvisioningStyle = Automatic;
					};
					2BDC87761EA06B46009C1592 = {
						CreatedOnToolsVersion = 8.2.1;
						DevelopmentTeam = H9BU355MET;
						ProvisioningStyle = Automatic;
						TestTargetID = 2BDC875D1EA06B46009C1592;
					};
					2BDC87811EA06B46009C1592 = {
						CreatedOnToolsVersion = 8.2.1;
						DevelopmentTeam = H9BU355MET;
						ProvisioningStyle = Automatic;
						TestTargetID = 2BDC875D1EA06B46009C1592;
					};
				};
			};
			buildConfigurationList = 2BDC87591EA06B46009C1592 /* Build configuration list for PBXProject "OBGoodsDetail" */;
			compatibilityVersion = "Xcode 3.2";
			developmentRegion = English;
			hasScannedForEncodings = 0;
			knownRegions = (
				en,
				Base,
			);
			mainGroup = 2BDC87551EA06B46009C1592;
			productRefGroup = 2BDC875F1EA06B46009C1592 /* Products */;
			projectDirPath = "";
			projectRoot = "";
			targets = (
				2BDC875D1EA06B46009C1592 /* OBGoodsDetail */,
				2BDC87761EA06B46009C1592 /* OBGoodsDetailTests */,
				2BDC87811EA06B46009C1592 /* OBGoodsDetailUITests */,
			);
		};
/* End PBXProject section */

/* Begin PBXResourcesBuildPhase section */
		2BDC875C1EA06B46009C1592 /* Resources */ = {
			isa = PBXResourcesBuildPhase;
			buildActionMask = 2147483647;
			files = (
				2BDC87711EA06B46009C1592 /* LaunchScreen.storyboard in Resources */,
				2BDC876E1EA06B46009C1592 /* Assets.xcassets in Resources */,
				2BDC876C1EA06B46009C1592 /* Main.storyboard in Resources */,
			);
			runOnlyForDeploymentPostprocessing = 0;
		};
		2BDC87751EA06B46009C1592 /* Resources */ = {
			isa = PBXResourcesBuildPhase;
			buildActionMask = 2147483647;
			files = (
			);
			runOnlyForDeploymentPostprocessing = 0;
		};
		2BDC87801EA06B46009C1592 /* Resources */ = {
			isa = PBXResourcesBuildPhase;
			buildActionMask = 2147483647;
			files = (
			);
			runOnlyForDeploymentPostprocessing = 0;
		};
/* End PBXResourcesBuildPhase section */

/* Begin PBXShellScriptBuildPhase section */
		0C8640C03E48E7E94583EFFC /* [CP] Embed Pods Frameworks */ = {
			isa = PBXShellScriptBuildPhase;
			buildActionMask = 2147483647;
			files = (
			);
			inputPaths = (
			);
			name = "[CP] Embed Pods Frameworks";
			outputPaths = (
			);
			runOnlyForDeploymentPostprocessing = 0;
			shellPath = /bin/sh;
			shellScript = "\"${SRCROOT}/Pods/Target Support Files/Pods-OBGoodsDetail/Pods-OBGoodsDetail-frameworks.sh\"\n";
			showEnvVarsInLog = 0;
		};
		33836BE55C3098934896BD73 /* [CP] Check Pods Manifest.lock */ = {
			isa = PBXShellScriptBuildPhase;
			buildActionMask = 2147483647;
			files = (
			);
			inputPaths = (
			);
			name = "[CP] Check Pods Manifest.lock";
			outputPaths = (
			);
			runOnlyForDeploymentPostprocessing = 0;
			shellPath = /bin/sh;
			shellScript = "diff \"${PODS_ROOT}/../Podfile.lock\" \"${PODS_ROOT}/Manifest.lock\" > /dev/null\nif [ $? != 0 ] ; then\n    # print error to STDERR\n    echo \"error: The sandbox is not in sync with the Podfile.lock. Run 'pod install' or update your CocoaPods installation.\" >&2\n    exit 1\nfi\n";
			showEnvVarsInLog = 0;
		};
		ED9EC47F3A8ECF0D76E8E9F2 /* [CP] Copy Pods Resources */ = {
			isa = PBXShellScriptBuildPhase;
			buildActionMask = 2147483647;
			files = (
			);
			inputPaths = (
			);
			name = "[CP] Copy Pods Resources";
			outputPaths = (
			);
			runOnlyForDeploymentPostprocessing = 0;
			shellPath = /bin/sh;
			shellScript = "\"${SRCROOT}/Pods/Target Support Files/Pods-OBGoodsDetail/Pods-OBGoodsDetail-resources.sh\"\n";
			showEnvVarsInLog = 0;
		};
/* End PBXShellScriptBuildPhase section */

/* Begin PBXSourcesBuildPhase section */
		2BDC875A1EA06B46009C1592 /* Sources */ = {
			isa = PBXSourcesBuildPhase;
			buildActionMask = 2147483647;
			files = (
				2BDC87691EA06B46009C1592 /* ViewController.m in Sources */,
				2BDC87661EA06B46009C1592 /* AppDelegate.m in Sources */,
				2BDC87971EA06B96009C1592 /* OBGoodsDetailServiceProvide.m in Sources */,
				2BDC87631EA06B46009C1592 /* main.m in Sources */,
				2BDC879A1EA06BB8009C1592 /* OBGoodsDetailViewController.m in Sources */,
			);
			runOnlyForDeploymentPostprocessing = 0;
		};
		2BDC87731EA06B46009C1592 /* Sources */ = {
			isa = PBXSourcesBuildPhase;
			buildActionMask = 2147483647;
			files = (
				2BDC877C1EA06B46009C1592 /* OBGoodsDetailTests.m in Sources */,
			);
			runOnlyForDeploymentPostprocessing = 0;
		};
		2BDC877E1EA06B46009C1592 /* Sources */ = {
			isa = PBXSourcesBuildPhase;
			buildActionMask = 2147483647;
			files = (
				2BDC87871EA06B46009C1592 /* OBGoodsDetailUITests.m in Sources */,
			);
			runOnlyForDeploymentPostprocessing = 0;
		};
/* End PBXSourcesBuildPhase section */

/* Begin PBXTargetDependency section */
		2BDC87791EA06B46009C1592 /* PBXTargetDependency */ = {
			isa = PBXTargetDependency;
			target = 2BDC875D1EA06B46009C1592 /* OBGoodsDetail */;
			targetProxy = 2BDC87781EA06B46009C1592 /* PBXContainerItemProxy */;
		};
		2BDC87841EA06B46009C1592 /* PBXTargetDependency */ = {
			isa = PBXTargetDependency;
			target = 2BDC875D1EA06B46009C1592 /* OBGoodsDetail */;
			targetProxy = 2BDC87831EA06B46009C1592 /* PBXContainerItemProxy */;
		};
/* End PBXTargetDependency section */

/* Begin PBXVariantGroup section */
		2BDC876A1EA06B46009C1592 /* Main.storyboard */ = {
			isa = PBXVariantGroup;
			children = (
				2BDC876B1EA06B46009C1592 /* Base */,
			);
			name = Main.storyboard;
			sourceTree = "<group>";
		};
		2BDC876F1EA06B46009C1592 /* LaunchScreen.storyboard */ = {
			isa = PBXVariantGroup;
			children = (
				2BDC87701EA06B46009C1592 /* Base */,
			);
			name = LaunchScreen.storyboard;
			sourceTree = "<group>";
		};
/* End PBXVariantGroup section */

/* Begin XCBuildConfiguration section */
		2BDC87891EA06B46009C1592 /* Debug */ = {
			isa = XCBuildConfiguration;
			buildSettings = {
				ALWAYS_SEARCH_USER_PATHS = NO;
				CLANG_ANALYZER_NONNULL = YES;
				CLANG_CXX_LANGUAGE_STANDARD = "gnu++0x";
				CLANG_CXX_LIBRARY = "libc++";
				CLANG_ENABLE_MODULES = YES;
				CLANG_ENABLE_OBJC_ARC = YES;
				CLANG_WARN_BOOL_CONVERSION = YES;
				CLANG_WARN_CONSTANT_CONVERSION = YES;
				CLANG_WARN_DIRECT_OBJC_ISA_USAGE = YES_ERROR;
				CLANG_WARN_DOCUMENTATION_COMMENTS = YES;
				CLANG_WARN_EMPTY_BODY = YES;
				CLANG_WARN_ENUM_CONVERSION = YES;
				CLANG_WARN_INFINITE_RECURSION = YES;
				CLANG_WARN_INT_CONVERSION = YES;
				CLANG_WARN_OBJC_ROOT_CLASS = YES_ERROR;
				CLANG_WARN_SUSPICIOUS_MOVE = YES;
				CLANG_WARN_UNREACHABLE_CODE = YES;
				CLANG_WARN__DUPLICATE_METHOD_MATCH = YES;
				"CODE_SIGN_IDENTITY[sdk=iphoneos*]" = "iPhone Developer";
				COPY_PHASE_STRIP = NO;
				DEBUG_INFORMATION_FORMAT = dwarf;
				ENABLE_STRICT_OBJC_MSGSEND = YES;
				ENABLE_TESTABILITY = YES;
				GCC_C_LANGUAGE_STANDARD = gnu99;
				GCC_DYNAMIC_NO_PIC = NO;
				GCC_NO_COMMON_BLOCKS = YES;
				GCC_OPTIMIZATION_LEVEL = 0;
				GCC_PREPROCESSOR_DEFINITIONS = (
					"DEBUG=1",
					"$(inherited)",
				);
				GCC_WARN_64_TO_32_BIT_CONVERSION = YES;
				GCC_WARN_ABOUT_RETURN_TYPE = YES_ERROR;
				GCC_WARN_UNDECLARED_SELECTOR = YES;
				GCC_WARN_UNINITIALIZED_AUTOS = YES_AGGRESSIVE;
				GCC_WARN_UNUSED_FUNCTION = YES;
				GCC_WARN_UNUSED_VARIABLE = YES;
				IPHONEOS_DEPLOYMENT_TARGET = 10.2;
				MTL_ENABLE_DEBUG_INFO = YES;
				ONLY_ACTIVE_ARCH = YES;
				SDKROOT = iphoneos;
				TARGETED_DEVICE_FAMILY = "1,2";
			};
			name = Debug;
		};
		2BDC878A1EA06B46009C1592 /* Release */ = {
			isa = XCBuildConfiguration;
			buildSettings = {
				ALWAYS_SEARCH_USER_PATHS = NO;
				CLANG_ANALYZER_NONNULL = YES;
				CLANG_CXX_LANGUAGE_STANDARD = "gnu++0x";
				CLANG_CXX_LIBRARY = "libc++";
				CLANG_ENABLE_MODULES = YES;
				CLANG_ENABLE_OBJC_ARC = YES;
				CLANG_WARN_BOOL_CONVERSION = YES;
				CLANG_WARN_CONSTANT_CONVERSION = YES;
				CLANG_WARN_DIRECT_OBJC_ISA_USAGE = YES_ERROR;
				CLANG_WARN_DOCUMENTATION_COMMENTS = YES;
				CLANG_WARN_EMPTY_BODY = YES;
				CLANG_WARN_ENUM_CONVERSION = YES;
				CLANG_WARN_INFINITE_RECURSION = YES;
				CLANG_WARN_INT_CONVERSION = YES;
				CLANG_WARN_OBJC_ROOT_CLASS = YES_ERROR;
				CLANG_WARN_SUSPICIOUS_MOVE = YES;
				CLANG_WARN_UNREACHABLE_CODE = YES;
				CLANG_WARN__DUPLICATE_METHOD_MATCH = YES;
				"CODE_SIGN_IDENTITY[sdk=iphoneos*]" = "iPhone Developer";
				COPY_PHASE_STRIP = NO;
				DEBUG_INFORMATION_FORMAT = "dwarf-with-dsym";
				ENABLE_NS_ASSERTIONS = NO;
				ENABLE_STRICT_OBJC_MSGSEND = YES;
				GCC_C_LANGUAGE_STANDARD = gnu99;
				GCC_NO_COMMON_BLOCKS = YES;
				GCC_WARN_64_TO_32_BIT_CONVERSION = YES;
				GCC_WARN_ABOUT_RETURN_TYPE = YES_ERROR;
				GCC_WARN_UNDECLARED_SELECTOR = YES;
				GCC_WARN_UNINITIALIZED_AUTOS = YES_AGGRESSIVE;
				GCC_WARN_UNUSED_FUNCTION = YES;
				GCC_WARN_UNUSED_VARIABLE = YES;
				IPHONEOS_DEPLOYMENT_TARGET = 10.2;
				MTL_ENABLE_DEBUG_INFO = NO;
				SDKROOT = iphoneos;
				TARGETED_DEVICE_FAMILY = "1,2";
				VALIDATE_PRODUCT = YES;
			};
			name = Release;
		};
		2BDC878C1EA06B46009C1592 /* Debug */ = {
			isa = XCBuildConfiguration;
			baseConfigurationReference = A50A5FFCC3D4EB35E5BDCEC1 /* Pods-OBGoodsDetail.debug.xcconfig */;
			buildSettings = {
				ASSETCATALOG_COMPILER_APPICON_NAME = AppIcon;
				DEVELOPMENT_TEAM = H9BU355MET;
				INFOPLIST_FILE = OBGoodsDetail/Info.plist;
				LD_RUNPATH_SEARCH_PATHS = "$(inherited) @executable_path/Frameworks";
				PRODUCT_BUNDLE_IDENTIFIER = com.synjones.OBGoodsDetail;
				PRODUCT_NAME = "$(TARGET_NAME)";
			};
			name = Debug;
		};
		2BDC878D1EA06B46009C1592 /* Release */ = {
			isa = XCBuildConfiguration;
			baseConfigurationReference = 598BA4F4CACE47983220B460 /* Pods-OBGoodsDetail.release.xcconfig */;
			buildSettings = {
				ASSETCATALOG_COMPILER_APPICON_NAME = AppIcon;
				DEVELOPMENT_TEAM = H9BU355MET;
				INFOPLIST_FILE = OBGoodsDetail/Info.plist;
				LD_RUNPATH_SEARCH_PATHS = "$(inherited) @executable_path/Frameworks";
				PRODUCT_BUNDLE_IDENTIFIER = com.synjones.OBGoodsDetail;
				PRODUCT_NAME = "$(TARGET_NAME)";
			};
			name = Release;
		};
		2BDC878F1EA06B46009C1592 /* Debug */ = {
			isa = XCBuildConfiguration;
			buildSettings = {
				BUNDLE_LOADER = "$(TEST_HOST)";
				DEVELOPMENT_TEAM = H9BU355MET;
				INFOPLIST_FILE = OBGoodsDetailTests/Info.plist;
				LD_RUNPATH_SEARCH_PATHS = "$(inherited) @executable_path/Frameworks @loader_path/Frameworks";
				PRODUCT_BUNDLE_IDENTIFIER = com.synjones.OBGoodsDetailTests;
				PRODUCT_NAME = "$(TARGET_NAME)";
				TEST_HOST = "$(BUILT_PRODUCTS_DIR)/OBGoodsDetail.app/OBGoodsDetail";
			};
			name = Debug;
		};
		2BDC87901EA06B46009C1592 /* Release */ = {
			isa = XCBuildConfiguration;
			buildSettings = {
				BUNDLE_LOADER = "$(TEST_HOST)";
				DEVELOPMENT_TEAM = H9BU355MET;
				INFOPLIST_FILE = OBGoodsDetailTests/Info.plist;
				LD_RUNPATH_SEARCH_PATHS = "$(inherited) @executable_path/Frameworks @loader_path/Frameworks";
				PRODUCT_BUNDLE_IDENTIFIER = com.synjones.OBGoodsDetailTests;
				PRODUCT_NAME = "$(TARGET_NAME)";
				TEST_HOST = "$(BUILT_PRODUCTS_DIR)/OBGoodsDetail.app/OBGoodsDetail";
			};
			name = Release;
		};
		2BDC87921EA06B46009C1592 /* Debug */ = {
			isa = XCBuildConfiguration;
			buildSettings = {
				DEVELOPMENT_TEAM = H9BU355MET;
				INFOPLIST_FILE = OBGoodsDetailUITests/Info.plist;
				LD_RUNPATH_SEARCH_PATHS = "$(inherited) @executable_path/Frameworks @loader_path/Frameworks";
				PRODUCT_BUNDLE_IDENTIFIER = com.synjones.OBGoodsDetailUITests;
				PRODUCT_NAME = "$(TARGET_NAME)";
				TEST_TARGET_NAME = OBGoodsDetail;
			};
			name = Debug;
		};
		2BDC87931EA06B46009C1592 /* Release */ = {
			isa = XCBuildConfiguration;
			buildSettings = {
				DEVELOPMENT_TEAM = H9BU355MET;
				INFOPLIST_FILE = OBGoodsDetailUITests/Info.plist;
				LD_RUNPATH_SEARCH_PATHS = "$(inherited) @executable_path/Frameworks @loader_path/Frameworks";
				PRODUCT_BUNDLE_IDENTIFIER = com.synjones.OBGoodsDetailUITests;
				PRODUCT_NAME = "$(TARGET_NAME)";
				TEST_TARGET_NAME = OBGoodsDetail;
			};
			name = Release;
		};
/* End XCBuildConfiguration section */

/* Begin XCConfigurationList section */
		2BDC87591EA06B46009C1592 /* Build configuration list for PBXProject "OBGoodsDetail" */ = {
			isa = XCConfigurationList;
			buildConfigurations = (
				2BDC87891EA06B46009C1592 /* Debug */,
				2BDC878A1EA06B46009C1592 /* Release */,
			);
			defaultConfigurationIsVisible = 0;
			defaultConfigurationName = Release;
		};
		2BDC878B1EA06B46009C1592 /* Build configuration list for PBXNativeTarget "OBGoodsDetail" */ = {
			isa = XCConfigurationList;
			buildConfigurations = (
				2BDC878C1EA06B46009C1592 /* Debug */,
				2BDC878D1EA06B46009C1592 /* Release */,
			);
			defaultConfigurationIsVisible = 0;
			defaultConfigurationName = Release;
		};
		2BDC878E1EA06B46009C1592 /* Build configuration list for PBXNativeTarget "OBGoodsDetailTests" */ = {
			isa = XCConfigurationList;
			buildConfigurations = (
				2BDC878F1EA06B46009C1592 /* Debug */,
				2BDC87901EA06B46009C1592 /* Release */,
			);
			defaultConfigurationIsVisible = 0;
			defaultConfigurationName = Release;
		};
		2BDC87911EA06B46009C1592 /* Build configuration list for PBXNativeTarget "OBGoodsDetailUITests" */ = {
			isa = XCConfigurationList;
			buildConfigurations = (
				2BDC87921EA06B46009C1592 /* Debug */,
				2BDC87931EA06B46009C1592 /* Release */,
			);
			defaultConfigurationIsVisible = 0;
			defaultConfigurationName = Release;
		};
/* End XCConfigurationList section */
	};
	rootObject = 2BDC87561EA06B46009C1592 /* Project object */;
}
